Microsoft Visual Studio Solution File, Format Version 12.00
# Visual Studio Version 17
VisualStudioVersion = 17.5.2.0
MinimumVisualStudioVersion = 10.0.40219.1
Project("{FAE04EC0-301F-11D3-BF4B-00C04F79EFBC}") = "Generics01", "Generics01.csproj", "{0F27FD88-F16E-99D9-ECF9-3960959CC801}"
EndProject
Global
	GlobalSection(SolutionConfigurationPlatforms) = preSolution
		Debug|Any CPU = Debug|Any CPU
		Release|Any CPU = Release|Any CPU
	EndGlobalSection
	GlobalSection(ProjectConfigurationPlatforms) = postSolution
		{0F27FD88-F16E-99D9-ECF9-3960959CC801}.Debug|Any CPU.ActiveCfg = Debug|Any CPU
		{0F27FD88-F16E-99D9-ECF9-3960959CC801}.Debug|Any CPU.Build.0 = Debug|Any CPU
		{0F27FD88-F16E-99D9-ECF9-3960959CC801}.Release|Any CPU.ActiveCfg = Release|Any CPU
		{0F27FD88-F16E-99D9-ECF9-3960959CC801}.Release|Any CPU.Build.0 = Release|Any CPU
	EndGlobalSection
	GlobalSection(SolutionProperties) = preSolution
		HideSolutionNode = FALSE
	EndGlobalSection
	GlobalSection(ExtensibilityGlobals) = postSolution
		SolutionGuid = {939F3F06-A953-4675-B243-A7EEB979FD12}
	EndGlobalSection
EndGlobal
